
Microsoft Visual Studio Solution File, Format Version 12.00
# Visual Studio 15
VisualStudioVersion = 15.0.28307.852
MinimumVisualStudioVersion = 10.0.40219.1
Project("{FAE04EC0-301F-11D3-BF4B-00C04F79EFBC}") = "csharp-advent-of-code", "csharp-solutions\csharp-advent-of-code.csproj", "{F66F219C-0791-41E1-8794-6FE0B059D000}"
EndProject
Global
	GlobalSection(SolutionConfigurationPlatforms) = preSolution
		Debug|Any CPU = Debug|Any CPU
		Release|Any CPU = Release|Any CPU
	EndGlobalSection
	GlobalSection(ProjectConfigurationPlatforms) = postSolution
		{F66F219C-0791-41E1-8794-6FE0B059D000}.Debug|Any CPU.ActiveCfg = Debug|Any CPU
		{F66F219C-0791-41E1-8794-6FE0B059D000}.Debug|Any CPU.Build.0 = Debug|Any CPU
		{F66F219C-0791-41E1-8794-6FE0B059D000}.Release|Any CPU.ActiveCfg = Release|Any CPU
		{F66F219C-0791-41E1-8794-6FE0B059D000}.Release|Any CPU.Build.0 = Release|Any CPU
	EndGlobalSection
	GlobalSection(SolutionProperties) = preSolution
		HideSolutionNode = FALSE
	EndGlobalSection
	GlobalSection(ExtensibilityGlobals) = postSolution
		SolutionGuid = {A009371E-3723-4259-A10F-FECE914C6D5E}
	EndGlobalSection
EndGlobal
